
Microsoft Visual Studio Solution File, Format Version 12.00
# Visual Studio 15
VisualStudioVersion = 15.0.27130.2027
MinimumVisualStudioVersion = 10.0.40219.1
Project("{2150E333-8FDC-42A3-9474-1A3956D46DE8}") = "src", "src", "{A5007900-F688-41C1-8C3F-1925F11E1050}"
EndProject
Project("{9A19103F-16F7-4668-BE54-9A1E7A4F7556}") = "MusicStore", "src\MusicStore\MusicStore.csproj", "{FEAF8FCB-9460-4118-8A64-3B35B7AA36BD}"
EndProject
Project("{9A19103F-16F7-4668-BE54-9A1E7A4F7556}") = "AllReady", "src\AllReady\AllReady.csproj", "{DA5273A0-EF9E-4CDB-BED0-108CDE2A23AD}"
EndProject
Global
	GlobalSection(SolutionConfigurationPlatforms) = preSolution
		Debug|Any CPU = Debug|Any CPU
		Release|Any CPU = Release|Any CPU
	EndGlobalSection
	GlobalSection(ProjectConfigurationPlatforms) = postSolution
		{FEAF8FCB-9460-4118-8A64-3B35B7AA36BD}.Debug|Any CPU.ActiveCfg = Debug|Any CPU
		{FEAF8FCB-9460-4118-8A64-3B35B7AA36BD}.Debug|Any CPU.Build.0 = Debug|Any CPU
		{FEAF8FCB-9460-4118-8A64-3B35B7AA36BD}.Release|Any CPU.ActiveCfg = Release|Any CPU
		{FEAF8FCB-9460-4118-8A64-3B35B7AA36BD}.Release|Any CPU.Build.0 = Release|Any CPU
		{DA5273A0-EF9E-4CDB-BED0-108CDE2A23AD}.Debug|Any CPU.ActiveCfg = Debug|Any CPU
		{DA5273A0-EF9E-4CDB-BED0-108CDE2A23AD}.Debug|Any CPU.Build.0 = Debug|Any CPU
		{DA5273A0-EF9E-4CDB-BED0-108CDE2A23AD}.Release|Any CPU.ActiveCfg = Release|Any CPU
		{DA5273A0-EF9E-4CDB-BED0-108CDE2A23AD}.Release|Any CPU.Build.0 = Release|Any CPU
	EndGlobalSection
	GlobalSection(SolutionProperties) = preSolution
		HideSolutionNode = FALSE
	EndGlobalSection
	GlobalSection(NestedProjects) = preSolution
		{FEAF8FCB-9460-4118-8A64-3B35B7AA36BD} = {A5007900-F688-41C1-8C3F-1925F11E1050}
		{DA5273A0-EF9E-4CDB-BED0-108CDE2A23AD} = {A5007900-F688-41C1-8C3F-1925F11E1050}
	EndGlobalSection
	GlobalSection(ExtensibilityGlobals) = postSolution
		SolutionGuid = {3940BCE8-3339-4C8E-BBC8-171574EE32EB}
	EndGlobalSection
EndGlobal
